
Microsoft Visual Studio Solution File, Format Version 12.00
# Visual Studio Version 16
VisualStudioVersion = 16.0.31313.79
MinimumVisualStudioVersion = 10.0.40219.1
Project("{FAE04EC0-301F-11D3-BF4B-00C04F79EFBC}") = "PortfolioWebASP", "PortfolioWebASP\PortfolioWebASP.csproj", "{8A63874D-678E-4828-A28B-31702A29FBC6}"
EndProject
Global
	GlobalSection(SolutionConfigurationPlatforms) = preSolution
		Debug|Any CPU = Debug|Any CPU
		Release|Any CPU = Release|Any CPU
	EndGlobalSection
	GlobalSection(ProjectConfigurationPlatforms) = postSolution
		{8A63874D-678E-4828-A28B-31702A29FBC6}.Debug|Any CPU.ActiveCfg = Debug|Any CPU
		{8A63874D-678E-4828-A28B-31702A29FBC6}.Debug|Any CPU.Build.0 = Debug|Any CPU
		{8A63874D-678E-4828-A28B-31702A29FBC6}.Release|Any CPU.ActiveCfg = Release|Any CPU
		{8A63874D-678E-4828-A28B-31702A29FBC6}.Release|Any CPU.Build.0 = Release|Any CPU
	EndGlobalSection
	GlobalSection(SolutionProperties) = preSolution
		HideSolutionNode = FALSE
	EndGlobalSection
	GlobalSection(ExtensibilityGlobals) = postSolution
		SolutionGuid = {1F923F15-E638-402E-BFD9-8CDC7E1AD9E1}
	EndGlobalSection
EndGlobal
